
Microsoft Visual Studio Solution File, Format Version 12.00
# Visual Studio Version 16
VisualStudioVersion = 16.0.29326.143
MinimumVisualStudioVersion = 10.0.40219.1
Project("{FAE04EC0-301F-11D3-BF4B-00C04F79EFBC}") = "Task41", "ConsoleApp4\Task41.csproj", "{3B254FF3-8936-4050-89B1-ED80539C627D}"
EndProject
Project("{FAE04EC0-301F-11D3-BF4B-00C04F79EFBC}") = "NUnitTestProject1", "NUnitTestProject1\NUnitTestProject1.csproj", "{422FA90D-1D35-4BD1-AF60-41E25141FC71}"
EndProject
Global
	GlobalSection(SolutionConfigurationPlatforms) = preSolution
		Debug|Any CPU = Debug|Any CPU
		Release|Any CPU = Release|Any CPU
	EndGlobalSection
	GlobalSection(ProjectConfigurationPlatforms) = postSolution
		{3B254FF3-8936-4050-89B1-ED80539C627D}.Debug|Any CPU.ActiveCfg = Debug|Any CPU
		{3B254FF3-8936-4050-89B1-ED80539C627D}.Debug|Any CPU.Build.0 = Debug|Any CPU
		{3B254FF3-8936-4050-89B1-ED80539C627D}.Release|Any CPU.ActiveCfg = Release|Any CPU
		{3B254FF3-8936-4050-89B1-ED80539C627D}.Release|Any CPU.Build.0 = Release|Any CPU
		{422FA90D-1D35-4BD1-AF60-41E25141FC71}.Debug|Any CPU.ActiveCfg = Debug|Any CPU
		{422FA90D-1D35-4BD1-AF60-41E25141FC71}.Debug|Any CPU.Build.0 = Debug|Any CPU
		{422FA90D-1D35-4BD1-AF60-41E25141FC71}.Release|Any CPU.ActiveCfg = Release|Any CPU
		{422FA90D-1D35-4BD1-AF60-41E25141FC71}.Release|Any CPU.Build.0 = Release|Any CPU
	EndGlobalSection
	GlobalSection(SolutionProperties) = preSolution
		HideSolutionNode = FALSE
	EndGlobalSection
	GlobalSection(ExtensibilityGlobals) = postSolution
		SolutionGuid = {C272A78C-B661-4043-9551-E52A1A2B6274}
	EndGlobalSection
EndGlobal
